{
  "requires": true,
  "lockfileVersion": 1,
  "dependencies": {
    "add-subtract-date": {
      "version": "1.0.13",
      "resolved": "https://registry.npmjs.org/add-subtract-date/-/add-subtract-date-1.0.13.tgz",
      "integrity": "sha512-vbAsWMVidKHi9Ji8wcpk4ftJBNaascKCxLiV3STxWwPVXkj+oaOUA81RN0lvDhEm0ynUl6C7UUhKGiruWIp7ZQ=="
    },
    "aos": {
      "version": "2.3.2",
      "resolved": "https://registry.npmjs.org/aos/-/aos-2.3.2.tgz",
      "integrity": "sha512-6x2nQ0L1ysegVppgP2pIsrvqp4rPbeVDfvo1h6h0WxCjZCOmayA/7OewNchI+8YYysnuU9gSo4FPRhsdxdX9hw==",
      "requires": {
        "classlist-polyfill": "^1.0.3",
        "lodash.debounce": "^4.0.6",
        "lodash.throttle": "^4.0.1"
      }
    },
    "classlist-polyfill": {
      "version": "1.2.0",
      "resolved": "https://registry.npmjs.org/classlist-polyfill/-/classlist-polyfill-1.2.0.tgz",
      "integrity": "sha1-k1vC39lFiodrJ5YXUUY4vKqWSi4="
    },
    "days": {
      "version": "1.1.1",
      "resolved": "https://registry.npmjs.org/days/-/days-1.1.1.tgz",
      "integrity": "sha512-vzeIwVsEIyA35GH4+mPd4hjVDNI87wYANyZFs0BHjBr5kIBH5zEl7LfD6Wr4SFZca4D3CU9IH1w4DuZLlXzKRw=="
    },
    "elly": {
      "version": "1.1.9",
      "resolved": "https://registry.npmjs.org/elly/-/elly-1.1.9.tgz",
      "integrity": "sha512-wuSdIJ9pXlq7mvhvVp60GIsxZ3sLzg7VEEiJyDTpOsnauVnuSdhVSBMf6F0IiQrZG5np3Uvgcvi5QexLfNOSWw==",
      "requires": {
        "iterate-object": "^1.3.2",
        "sliced": "^1.0.1"
      }
    },
    "fillo": {
      "version": "1.0.11",
      "resolved": "https://registry.npmjs.org/fillo/-/fillo-1.0.11.tgz",
      "integrity": "sha512-3YWc82rxHEJUCMbHXxYwnu6X4zmOKjqVLtU0NsTOaPFj1lF8YaqodE+efvEPyq7kL5W8kT91OfO6KU1HVwBDzQ=="
    },
    "formatoid": {
      "version": "1.2.2",
      "resolved": "https://registry.npmjs.org/formatoid/-/formatoid-1.2.2.tgz",
      "integrity": "sha512-3pt8YwLgc5FSJdn+yaNF/3Mzqvp6keq0cEPQbZECDY1Jwg29fs82GPIE34KkB0I4Zgm9ukfYJH7Kw//TCaOA/g==",
      "requires": {
        "days": "^1.0.1",
        "fillo": "^1.0.0",
        "months": "^1.0.0",
        "parse-it": "^1.0.0"
      }
    },
    "github-calendar": {
      "version": "1.2.3",
      "resolved": "https://registry.npmjs.org/github-calendar/-/github-calendar-1.2.3.tgz",
      "integrity": "sha512-KMgO6jZjeKVGstQBpvZNMuiUWeiWCe2N/uYGQY99L5vy7d4sFF1Hw/0Vwe6X0KUI7cwdgqkaTz/0kP+zzAcbrQ==",
      "requires": {
        "add-subtract-date": "^1.0.5",
        "elly": "^1.0.0",
        "formatoid": "^1.0.3",
        "github-calendar-parser": "^1.1.3"
      }
    },
    "github-calendar-legend": {
      "version": "1.0.9",
      "resolved": "https://registry.npmjs.org/github-calendar-legend/-/github-calendar-legend-1.0.9.tgz",
      "integrity": "sha512-8qqd8+0mbhFOHrd3NNp1gzS/OI0wlEVhi72FtgXGrKMnUOAvMuKh+mclYIg0XAVpQx5ey87vR4uD+paNxRFKCA=="
    },
    "github-calendar-parser": {
      "version": "1.1.9",
      "resolved": "https://registry.npmjs.org/github-calendar-parser/-/github-calendar-parser-1.1.9.tgz",
      "integrity": "sha512-e9EdUEQWCcfT3Z6mCUPugJ1t7tTdhBlmA1d8PKoZjiukFnmg7HpyUZWEWh8QvOewAyFrdmbpApwcHZQGiBqGzg==",
      "requires": {
        "github-calendar-legend": "^1.0.0"
      }
    },
    "iterate-object": {
      "version": "1.3.2",
      "resolved": "https://registry.npmjs.org/iterate-object/-/iterate-object-1.3.2.tgz",
      "integrity": "sha1-JOwVr/pdADnog5aVohwsrh9Ftms="
    },
    "lodash.debounce": {
      "version": "4.0.8",
      "resolved": "https://registry.npmjs.org/lodash.debounce/-/lodash.debounce-4.0.8.tgz",
      "integrity": "sha1-gteb/zCmfEAF/9XiUVMArZyk168="
    },
    "lodash.throttle": {
      "version": "4.1.1",
      "resolved": "https://registry.npmjs.org/lodash.throttle/-/lodash.throttle-4.1.1.tgz",
      "integrity": "sha1-wj6RtxAkKscMN/HhzaknTMOb8vQ="
    },
    "months": {
      "version": "1.2.0",
      "resolved": "https://registry.npmjs.org/months/-/months-1.2.0.tgz",
      "integrity": "sha512-zFM7hUpziSYGk2DNObYGWgHdRRxAOgjl8CC1Rbl50p/q0rGDsREfk0nbxxmSIquVi/lEAuUY8nwbwkZ8biNCOQ=="
    },
    "parse-it": {
      "version": "1.0.8",
      "resolved": "https://registry.npmjs.org/parse-it/-/parse-it-1.0.8.tgz",
      "integrity": "sha1-6aU73hjIBJ57tBW3PhbTKS346uc=",
      "requires": {
        "regex-escape": "^3.4.0"
      }
    },
    "regex-escape": {
      "version": "3.4.8",
      "resolved": "https://registry.npmjs.org/regex-escape/-/regex-escape-3.4.8.tgz",
      "integrity": "sha512-DG0VFPTDwfl+XsuVaM/0RmGJvCpZNB9UG/limzbev50XQ44G4mbOG+0Eh5M7Al9JB68NbP7YeY1KhDzpnX7qSw=="
    },
    "sliced": {
      "version": "1.0.1",
      "resolved": "https://registry.npmjs.org/sliced/-/sliced-1.0.1.tgz",
      "integrity": "sha1-CzpmK10Ewxd7GSa+qCsD+Dei70E="
    },
    "typed.js": {
      "version": "2.0.8",
      "resolved": "https://registry.npmjs.org/typed.js/-/typed.js-2.0.8.tgz",
      "integrity": "sha512-Gil3sX1P4tPa0y+VDVbM1x++bdypfRWJ2fJnqo8kiXNXxWzvTzso5Eu1DQVjeNGCWeHbSwqJgE7iY4Bo5Y2lXQ=="
    }
  }
}
