{
  "requires": true,
  "lockfileVersion": 1,
  "dependencies": {
    "aos": {
      "version": "2.3.2",
      "resolved": "https://registry.npmjs.org/aos/-/aos-2.3.2.tgz",
      "integrity": "sha512-6x2nQ0L1ysegVppgP2pIsrvqp4rPbeVDfvo1h6h0WxCjZCOmayA/7OewNchI+8YYysnuU9gSo4FPRhsdxdX9hw==",
      "requires": {
        "classlist-polyfill": "^1.0.3",
        "lodash.debounce": "^4.0.6",
        "lodash.throttle": "^4.0.1"
      }
    },
    "classlist-polyfill": {
      "version": "1.2.0",
      "resolved": "https://registry.npmjs.org/classlist-polyfill/-/classlist-polyfill-1.2.0.tgz",
      "integrity": "sha1-k1vC39lFiodrJ5YXUUY4vKqWSi4="
    },
    "lodash.debounce": {
      "version": "4.0.8",
      "resolved": "https://registry.npmjs.org/lodash.debounce/-/lodash.debounce-4.0.8.tgz",
      "integrity": "sha1-gteb/zCmfEAF/9XiUVMArZyk168="
    },
    "lodash.throttle": {
      "version": "4.1.1",
      "resolved": "https://registry.npmjs.org/lodash.throttle/-/lodash.throttle-4.1.1.tgz",
      "integrity": "sha1-wj6RtxAkKscMN/HhzaknTMOb8vQ="
    },
    "typed.js": {
      "version": "2.0.8",
      "resolved": "https://registry.npmjs.org/typed.js/-/typed.js-2.0.8.tgz",
      "integrity": "sha512-Gil3sX1P4tPa0y+VDVbM1x++bdypfRWJ2fJnqo8kiXNXxWzvTzso5Eu1DQVjeNGCWeHbSwqJgE7iY4Bo5Y2lXQ=="
    }
  }
}
